
Microsoft Visual Studio Solution File, Format Version 12.00
# Visual Studio Version 16
VisualStudioVersion = 16.0.32802.440
MinimumVisualStudioVersion = 10.0.40219.1
Project("{FAE04EC0-301F-11D3-BF4B-00C04F79EFBC}") = "Prueba_1", "Prueba_1.csproj", "{0E8A81FD-E756-4F14-A9D1-BCDEF9A98CB8}"
EndProject
Global
	GlobalSection(SolutionConfigurationPlatforms) = preSolution
		Debug|Any CPU = Debug|Any CPU
		Release|Any CPU = Release|Any CPU
	EndGlobalSection
	GlobalSection(ProjectConfigurationPlatforms) = postSolution
		{0E8A81FD-E756-4F14-A9D1-BCDEF9A98CB8}.Debug|Any CPU.ActiveCfg = Debug|Any CPU
		{0E8A81FD-E756-4F14-A9D1-BCDEF9A98CB8}.Debug|Any CPU.Build.0 = Debug|Any CPU
		{0E8A81FD-E756-4F14-A9D1-BCDEF9A98CB8}.Release|Any CPU.ActiveCfg = Release|Any CPU
		{0E8A81FD-E756-4F14-A9D1-BCDEF9A98CB8}.Release|Any CPU.Build.0 = Release|Any CPU
	EndGlobalSection
	GlobalSection(SolutionProperties) = preSolution
		HideSolutionNode = FALSE
	EndGlobalSection
	GlobalSection(ExtensibilityGlobals) = postSolution
		SolutionGuid = {7C22331D-4B69-43DE-B19C-789E79B05EF6}
	EndGlobalSection
EndGlobal
